
Microsoft Visual Studio Solution File, Format Version 12.00
# Visual Studio 15
VisualStudioVersion = 15.0.28307.1022
MinimumVisualStudioVersion = 10.0.40219.1
Project("{FAE04EC0-301F-11D3-BF4B-00C04F79EFBC}") = "BirthdayCake", "BirthdayCake\BirthdayCake.csproj", "{760463CF-BAE5-44A4-8A6F-D6313C21BAE2}"
EndProject
Global
	GlobalSection(SolutionConfigurationPlatforms) = preSolution
		Debug|Any CPU = Debug|Any CPU
		Release|Any CPU = Release|Any CPU
	EndGlobalSection
	GlobalSection(ProjectConfigurationPlatforms) = postSolution
		{760463CF-BAE5-44A4-8A6F-D6313C21BAE2}.Debug|Any CPU.ActiveCfg = Debug|Any CPU
		{760463CF-BAE5-44A4-8A6F-D6313C21BAE2}.Debug|Any CPU.Build.0 = Debug|Any CPU
		{760463CF-BAE5-44A4-8A6F-D6313C21BAE2}.Release|Any CPU.ActiveCfg = Release|Any CPU
		{760463CF-BAE5-44A4-8A6F-D6313C21BAE2}.Release|Any CPU.Build.0 = Release|Any CPU
	EndGlobalSection
	GlobalSection(SolutionProperties) = preSolution
		HideSolutionNode = FALSE
	EndGlobalSection
	GlobalSection(ExtensibilityGlobals) = postSolution
		SolutionGuid = {3A4A6F1D-698A-4F81-8B98-6B8032C77373}
	EndGlobalSection
EndGlobal
